
Microsoft Visual Studio Solution File, Format Version 12.00
# Visual Studio 15
VisualStudioVersion = 15.0.27703.2035
MinimumVisualStudioVersion = 10.0.40219.1
Project("{FAE04EC0-301F-11D3-BF4B-00C04F79EFBC}") = "LogWatcher", "LogWatcher\LogWatcher.csproj", "{7699F0CC-09A6-44B2-85E0-685C008E3AC2}"
EndProject
Global
	GlobalSection(SolutionConfigurationPlatforms) = preSolution
		Debug|Any CPU = Debug|Any CPU
		Release|Any CPU = Release|Any CPU
	EndGlobalSection
	GlobalSection(ProjectConfigurationPlatforms) = postSolution
		{7699F0CC-09A6-44B2-85E0-685C008E3AC2}.Debug|Any CPU.ActiveCfg = Debug|Any CPU
		{7699F0CC-09A6-44B2-85E0-685C008E3AC2}.Debug|Any CPU.Build.0 = Debug|Any CPU
		{7699F0CC-09A6-44B2-85E0-685C008E3AC2}.Release|Any CPU.ActiveCfg = Release|Any CPU
		{7699F0CC-09A6-44B2-85E0-685C008E3AC2}.Release|Any CPU.Build.0 = Release|Any CPU
	EndGlobalSection
	GlobalSection(SolutionProperties) = preSolution
		HideSolutionNode = FALSE
	EndGlobalSection
	GlobalSection(ExtensibilityGlobals) = postSolution
		SolutionGuid = {8BD43777-90E5-4D30-9933-3A19D1F92730}
	EndGlobalSection
EndGlobal
